// !$*UTF8*$!
{
	archiveVersion = 1;
	classes = {
	};
	objectVersion = 46;
	objects = {

/* Begin PBXBuildFile section */
		FDB116CC1D8A416C00CD9225 /* AppDelegate.swift in Sources */ = {isa = PBXBuildFile; fileRef = FDB116CB1D8A416C00CD9225 /* AppDelegate.swift */; };
		FDB116CE1D8A416C00CD9225 /* ViewController.swift in Sources */ = {isa = PBXBuildFile; fileRef = FDB116CD1D8A416C00CD9225 /* ViewController.swift */; };
		FDB116D11D8A416C00CD9225 /* Main.storyboard in Resources */ = {isa = PBXBuildFile; fileRef = FDB116CF1D8A416C00CD9225 /* Main.storyboard */; };
		FDB116D41D8A416C00CD9225 /* CustomCell.xcdatamodeld in Sources */ = {isa = PBXBuildFile; fileRef = FDB116D21D8A416C00CD9225 /* CustomCell.xcdatamodeld */; };
		FDB116D61D8A416D00CD9225 /* Assets.xcassets in Resources */ = {isa = PBXBuildFile; fileRef = FDB116D51D8A416D00CD9225 /* Assets.xcassets */; };
		FDB116D91D8A416D00CD9225 /* LaunchScreen.storyboard in Resources */ = {isa = PBXBuildFile; fileRef = FDB116D71D8A416D00CD9225 /* LaunchScreen.storyboard */; };
/* End PBXBuildFile section */

/* Begin PBXFileReference section */
		FDB116C81D8A416C00CD9225 /* CustomCell.app */ = {isa = PBXFileReference; explicitFileType = wrapper.application; includeInIndex = 0; path = CustomCell.app; sourceTree = BUILT_PRODUCTS_DIR; };
		FDB116CB1D8A416C00CD9225 /* AppDelegate.swift */ = {isa = PBXFileReference; lastKnownFileType = sourcecode.swift; path = AppDelegate.swift; sourceTree = "<group>"; };
		FDB116CD1D8A416C00CD9225 /* ViewController.swift */ = {isa = PBXFileReference; lastKnownFileType = sourcecode.swift; path = ViewController.swift; sourceTree = "<group>"; };
		FDB116D01D8A416C00CD9225 /* Base */ = {isa = PBXFileReference; lastKnownFileType = file.storyboard; name = Base; path = Base.lproj/Main.storyboard; sourceTree = "<group>"; };
		FDB116D31D8A416C00CD9225 /* CustomCell.xcdatamodel */ = {isa = PBXFileReference; lastKnownFileType = wrapper.xcdatamodel; path = CustomCell.xcdatamodel; sourceTree = "<group>"; };
		FDB116D51D8A416D00CD9225 /* Assets.xcassets */ = {isa = PBXFileReference; lastKnownFileType = folder.assetcatalog; path = Assets.xcassets; sourceTree = "<group>"; };
		FDB116D81D8A416D00CD9225 /* Base */ = {isa = PBXFileReference; lastKnownFileType = file.storyboard; name = Base; path = Base.lproj/LaunchScreen.storyboard; sourceTree = "<group>"; };
		FDB116DA1D8A416D00CD9225 /* Info.plist */ = {isa = PBXFileReference; lastKnownFileType = text.plist.xml; path = Info.plist; sourceTree = "<group>"; };
/* End PBXFileReference section */

/* Begin PBXFrameworksBuildPhase section */
		FDB116C51D8A416C00CD9225 /* Frameworks */ = {
			isa = PBXFrameworksBuildPhase;
			buildActionMask = 2147483647;
			files = (
			);
			runOnlyForDeploymentPostprocessing = 0;
		};
/* End PBXFrameworksBuildPhase section */

/* Begin PBXGroup section */
		FDB116BF1D8A416C00CD9225 = {
			isa = PBXGroup;
			children = (
				FDB116CA1D8A416C00CD9225 /* CustomCell */,
				FDB116C91D8A416C00CD9225 /* Products */,
			);
			sourceTree = "<group>";
		};
		FDB116C91D8A416C00CD9225 /* Products */ = {
			isa = PBXGroup;
			children = (
				FDB116C81D8A416C00CD9225 /* CustomCell.app */,
			);
			name = Products;
			sourceTree = "<group>";
		};
		FDB116CA1D8A416C00CD9225 /* CustomCell */ = {
			isa = PBXGroup;
			children = (
				FDB116CB1D8A416C00CD9225 /* AppDelegate.swift */,
				FDB116CD1D8A416C00CD9225 /* ViewController.swift */,
				FDB116CF1D8A416C00CD9225 /* Main.storyboard */,
				FDB116D51D8A416D00CD9225 /* Assets.xcassets */,
				FDB116D71D8A416D00CD9225 /* LaunchScreen.storyboard */,
				FDB116DA1D8A416D00CD9225 /* Info.plist */,
				FDB116D21D8A416C00CD9225 /* CustomCell.xcdatamodeld */,
			);
			path = CustomCell;
			sourceTree = "<group>";
		};
/* End PBXGroup section */

/* Begin PBXNativeTarget section */
		FDB116C71D8A416C00CD9225 /* CustomCell */ = {
			isa = PBXNativeTarget;
			buildConfigurationList = FDB116DD1D8A416D00CD9225 /* Build configuration list for PBXNativeTarget "CustomCell" */;
			buildPhases = (
				FDB116C41D8A416C00CD9225 /* Sources */,
				FDB116C51D8A416C00CD9225 /* Frameworks */,
				FDB116C61D8A416C00CD9225 /* Resources */,
			);
			buildRules = (
			);
			dependencies = (
			);
			name = CustomCell;
			productName = CustomCell;
			productReference = FDB116C81D8A416C00CD9225 /* CustomCell.app */;
			productType = "com.apple.product-type.application";
		};
/* End PBXNativeTarget section */

/* Begin PBXProject section */
		FDB116C01D8A416C00CD9225 /* Project object */ = {
			isa = PBXProject;
			attributes = {
				LastSwiftUpdateCheck = 0730;
				LastUpgradeCheck = 0730;
				ORGANIZATIONNAME = "Barak Ben-David";
				TargetAttributes = {
					FDB116C71D8A416C00CD9225 = {
						CreatedOnToolsVersion = 7.3.1;
					};
				};
			};
			buildConfigurationList = FDB116C31D8A416C00CD9225 /* Build configuration list for PBXProject "CustomCell" */;
			compatibilityVersion = "Xcode 3.2";
			developmentRegion = English;
			hasScannedForEncodings = 0;
			knownRegions = (
				en,
				Base,
			);
			mainGroup = FDB116BF1D8A416C00CD9225;
			productRefGroup = FDB116C91D8A416C00CD9225 /* Products */;
			projectDirPath = "";
			projectRoot = "";
			targets = (
				FDB116C71D8A416C00CD9225 /* CustomCell */,
			);
		};
/* End PBXProject section */

/* Begin PBXResourcesBuildPhase section */
		FDB116C61D8A416C00CD9225 /* Resources */ = {
			isa = PBXResourcesBuildPhase;
			buildActionMask = 2147483647;
			files = (
				FDB116D91D8A416D00CD9225 /* LaunchScreen.storyboard in Resources */,
				FDB116D61D8A416D00CD9225 /* Assets.xcassets in Resources */,
				FDB116D11D8A416C00CD9225 /* Main.storyboard in Resources */,
			);
			runOnlyForDeploymentPostprocessing = 0;
		};
/* End PBXResourcesBuildPhase section */

/* Begin PBXSourcesBuildPhase section */
		FDB116C41D8A416C00CD9225 /* Sources */ = {
			isa = PBXSourcesBuildPhase;
			buildActionMask = 2147483647;
			files = (
				FDB116CE1D8A416C00CD9225 /* ViewController.swift in Sources */,
				FDB116D41D8A416C00CD9225 /* CustomCell.xcdatamodeld in Sources */,
				FDB116CC1D8A416C00CD9225 /* AppDelegate.swift in Sources */,
			);
			runOnlyForDeploymentPostprocessing = 0;
		};
/* End PBXSourcesBuildPhase section */

/* Begin PBXVariantGroup section */
		FDB116CF1D8A416C00CD9225 /* Main.storyboard */ = {
			isa = PBXVariantGroup;
			children = (
				FDB116D01D8A416C00CD9225 /* Base */,
			);
			name = Main.storyboard;
			sourceTree = "<group>";
		};
		FDB116D71D8A416D00CD9225 /* LaunchScreen.storyboard */ = {
			isa = PBXVariantGroup;
			children = (
				FDB116D81D8A416D00CD9225 /* Base */,
			);
			name = LaunchScreen.storyboard;
			sourceTree = "<group>";
		};
/* End PBXVariantGroup section */

/* Begin XCBuildConfiguration section */
		FDB116DB1D8A416D00CD9225 /* Debug */ = {
			isa = XCBuildConfiguration;
			buildSettings = {
				ALWAYS_SEARCH_USER_PATHS = NO;
				CLANG_ANALYZER_NONNULL = YES;
				CLANG_CXX_LANGUAGE_STANDARD = "gnu++0x";
				CLANG_CXX_LIBRARY = "libc++";
				CLANG_ENABLE_MODULES = YES;
				CLANG_ENABLE_OBJC_ARC = YES;
				CLANG_WARN_BOOL_CONVERSION = YES;
				CLANG_WARN_CONSTANT_CONVERSION = YES;
				CLANG_WARN_DIRECT_OBJC_ISA_USAGE = YES_ERROR;
				CLANG_WARN_EMPTY_BODY = YES;
				CLANG_WARN_ENUM_CONVERSION = YES;
				CLANG_WARN_INT_CONVERSION = YES;
				CLANG_WARN_OBJC_ROOT_CLASS = YES_ERROR;
				CLANG_WARN_UNREACHABLE_CODE = YES;
				CLANG_WARN__DUPLICATE_METHOD_MATCH = YES;
				"CODE_SIGN_IDENTITY[sdk=iphoneos*]" = "iPhone Developer";
				COPY_PHASE_STRIP = NO;
				DEBUG_INFORMATION_FORMAT = dwarf;
				ENABLE_STRICT_OBJC_MSGSEND = YES;
				ENABLE_TESTABILITY = YES;
				GCC_C_LANGUAGE_STANDARD = gnu99;
				GCC_DYNAMIC_NO_PIC = NO;
				GCC_NO_COMMON_BLOCKS = YES;
				GCC_OPTIMIZATION_LEVEL = 0;
				GCC_PREPROCESSOR_DEFINITIONS = (
					"DEBUG=1",
					"$(inherited)",
				);
				GCC_WARN_64_TO_32_BIT_CONVERSION = YES;
				GCC_WARN_ABOUT_RETURN_TYPE = YES_ERROR;
				GCC_WARN_UNDECLARED_SELECTOR = YES;
				GCC_WARN_UNINITIALIZED_AUTOS = YES_AGGRESSIVE;
				GCC_WARN_UNUSED_FUNCTION = YES;
				GCC_WARN_UNUSED_VARIABLE = YES;
				IPHONEOS_DEPLOYMENT_TARGET = 9.3;
				MTL_ENABLE_DEBUG_INFO = YES;
				ONLY_ACTIVE_ARCH = YES;
				SDKROOT = iphoneos;
				SWIFT_OPTIMIZATION_LEVEL = "-Onone";
				TARGETED_DEVICE_FAMILY = "1,2";
			};
			name = Debug;
		};
		FDB116DC1D8A416D00CD9225 /* Release */ = {
			isa = XCBuildConfiguration;
			buildSettings = {
				ALWAYS_SEARCH_USER_PATHS = NO;
				CLANG_ANALYZER_NONNULL = YES;
				CLANG_CXX_LANGUAGE_STANDARD = "gnu++0x";
				CLANG_CXX_LIBRARY = "libc++";
				CLANG_ENABLE_MODULES = YES;
				CLANG_ENABLE_OBJC_ARC = YES;
				CLANG_WARN_BOOL_CONVERSION = YES;
				CLANG_WARN_CONSTANT_CONVERSION = YES;
				CLANG_WARN_DIRECT_OBJC_ISA_USAGE = YES_ERROR;
				CLANG_WARN_EMPTY_BODY = YES;
				CLANG_WARN_ENUM_CONVERSION = YES;
				CLANG_WARN_INT_CONVERSION = YES;
				CLANG_WARN_OBJC_ROOT_CLASS = YES_ERROR;
				CLANG_WARN_UNREACHABLE_CODE = YES;
				CLANG_WARN__DUPLICATE_METHOD_MATCH = YES;
				"CODE_SIGN_IDENTITY[sdk=iphoneos*]" = "iPhone Developer";
				COPY_PHASE_STRIP = NO;
				DEBUG_INFORMATION_FORMAT = "dwarf-with-dsym";
				ENABLE_NS_ASSERTIONS = NO;
				ENABLE_STRICT_OBJC_MSGSEND = YES;
				GCC_C_LANGUAGE_STANDARD = gnu99;
				GCC_NO_COMMON_BLOCKS = YES;
				GCC_WARN_64_TO_32_BIT_CONVERSION = YES;
				GCC_WARN_ABOUT_RETURN_TYPE = YES_ERROR;
				GCC_WARN_UNDECLARED_SELECTOR = YES;
				GCC_WARN_UNINITIALIZED_AUTOS = YES_AGGRESSIVE;
				GCC_WARN_UNUSED_FUNCTION = YES;
				GCC_WARN_UNUSED_VARIABLE = YES;
				IPHONEOS_DEPLOYMENT_TARGET = 9.3;
				MTL_ENABLE_DEBUG_INFO = NO;
				SDKROOT = iphoneos;
				TARGETED_DEVICE_FAMILY = "1,2";
				VALIDATE_PRODUCT = YES;
			};
			name = Release;
		};
		FDB116DE1D8A416D00CD9225 /* Debug */ = {
			isa = XCBuildConfiguration;
			buildSettings = {
				ASSETCATALOG_COMPILER_APPICON_NAME = AppIcon;
				INFOPLIST_FILE = CustomCell/Info.plist;
				LD_RUNPATH_SEARCH_PATHS = "$(inherited) @executable_path/Frameworks";
				PRODUCT_BUNDLE_IDENTIFIER = flashed.com.CustomCell;
				PRODUCT_NAME = "$(TARGET_NAME)";
			};
			name = Debug;
		};
		FDB116DF1D8A416D00CD9225 /* Release */ = {
			isa = XCBuildConfiguration;
			buildSettings = {
				ASSETCATALOG_COMPILER_APPICON_NAME = AppIcon;
				INFOPLIST_FILE = CustomCell/Info.plist;
				LD_RUNPATH_SEARCH_PATHS = "$(inherited) @executable_path/Frameworks";
				PRODUCT_BUNDLE_IDENTIFIER = flashed.com.CustomCell;
				PRODUCT_NAME = "$(TARGET_NAME)";
			};
			name = Release;
		};
/* End XCBuildConfiguration section */

/* Begin XCConfigurationList section */
		FDB116C31D8A416C00CD9225 /* Build configuration list for PBXProject "CustomCell" */ = {
			isa = XCConfigurationList;
			buildConfigurations = (
				FDB116DB1D8A416D00CD9225 /* Debug */,
				FDB116DC1D8A416D00CD9225 /* Release */,
			);
			defaultConfigurationIsVisible = 0;
			defaultConfigurationName = Release;
		};
		FDB116DD1D8A416D00CD9225 /* Build configuration list for PBXNativeTarget "CustomCell" */ = {
			isa = XCConfigurationList;
			buildConfigurations = (
				FDB116DE1D8A416D00CD9225 /* Debug */,
				FDB116DF1D8A416D00CD9225 /* Release */,
			);
			defaultConfigurationIsVisible = 0;
		};
/* End XCConfigurationList section */

/* Begin XCVersionGroup section */
		FDB116D21D8A416C00CD9225 /* CustomCell.xcdatamodeld */ = {
			isa = XCVersionGroup;
			children = (
				FDB116D31D8A416C00CD9225 /* CustomCell.xcdatamodel */,
			);
			currentVersion = FDB116D31D8A416C00CD9225 /* CustomCell.xcdatamodel */;
			path = CustomCell.xcdatamodeld;
			sourceTree = "<group>";
			versionGroupType = wrapper.xcdatamodel;
		};
/* End XCVersionGroup section */
	};
	rootObject = FDB116C01D8A416C00CD9225 /* Project object */;
}
